// !$*UTF8*$!
{
	archiveVersion = 1;
	classes = {
	};
	objectVersion = 46;
	objects = {

/* Begin PBXBuildFile section */
		A751F9721CBD006A0022081F /* main.m in Sources */ = {isa = PBXBuildFile; fileRef = A751F9711CBD006A0022081F /* main.m */; };
		A751F9751CBD006A0022081F /* AppDelegate.m in Sources */ = {isa = PBXBuildFile; fileRef = A751F9741CBD006A0022081F /* AppDelegate.m */; };
		A751F9781CBD006A0022081F /* ViewController.m in Sources */ = {isa = PBXBuildFile; fileRef = A751F9771CBD006A0022081F /* ViewController.m */; };
		A751F97B1CBD006A0022081F /* Main.storyboard in Resources */ = {isa = PBXBuildFile; fileRef = A751F9791CBD006A0022081F /* Main.storyboard */; };
		A751F97D1CBD006A0022081F /* Assets.xcassets in Resources */ = {isa = PBXBuildFile; fileRef = A751F97C1CBD006A0022081F /* Assets.xcassets */; };
		A751F9801CBD006A0022081F /* LaunchScreen.storyboard in Resources */ = {isa = PBXBuildFile; fileRef = A751F97E1CBD006A0022081F /* LaunchScreen.storyboard */; };
		A751F98B1CBD006A0022081F /* ZXScroll_TableTests.m in Sources */ = {isa = PBXBuildFile; fileRef = A751F98A1CBD006A0022081F /* ZXScroll_TableTests.m */; };
		A751F9961CBD006A0022081F /* ZXScroll_TableUITests.m in Sources */ = {isa = PBXBuildFile; fileRef = A751F9951CBD006A0022081F /* ZXScroll_TableUITests.m */; };
		A751F9A61CBD00F70022081F /* ZXScrollTableView.m in Sources */ = {isa = PBXBuildFile; fileRef = A751F9A51CBD00F70022081F /* ZXScrollTableView.m */; };
		A751F9C01CBD01E00022081F /* MJRefresh.bundle in Resources */ = {isa = PBXBuildFile; fileRef = A751F9A81CBD01E00022081F /* MJRefresh.bundle */; };
		A751F9C11CBD01E00022081F /* MJRefreshComponent.m in Sources */ = {isa = PBXBuildFile; fileRef = A751F9AB1CBD01E00022081F /* MJRefreshComponent.m */; };
		A751F9C21CBD01E00022081F /* MJRefreshConst.m in Sources */ = {isa = PBXBuildFile; fileRef = A751F9AD1CBD01E00022081F /* MJRefreshConst.m */; };
		A751F9C31CBD01E00022081F /* MJRefreshFooter.m in Sources */ = {isa = PBXBuildFile; fileRef = A751F9AF1CBD01E00022081F /* MJRefreshFooter.m */; };
		A751F9C41CBD01E00022081F /* MJRefreshGifFooter.m in Sources */ = {isa = PBXBuildFile; fileRef = A751F9B11CBD01E00022081F /* MJRefreshGifFooter.m */; };
		A751F9C51CBD01E00022081F /* MJRefreshGifHeader.m in Sources */ = {isa = PBXBuildFile; fileRef = A751F9B31CBD01E00022081F /* MJRefreshGifHeader.m */; };
		A751F9C61CBD01E00022081F /* MJRefreshHeader.m in Sources */ = {isa = PBXBuildFile; fileRef = A751F9B51CBD01E00022081F /* MJRefreshHeader.m */; };
		A751F9C71CBD01E00022081F /* MJRefreshLegendFooter.m in Sources */ = {isa = PBXBuildFile; fileRef = A751F9B71CBD01E00022081F /* MJRefreshLegendFooter.m */; };
		A751F9C81CBD01E00022081F /* MJRefreshLegendHeader.m in Sources */ = {isa = PBXBuildFile; fileRef = A751F9B91CBD01E00022081F /* MJRefreshLegendHeader.m */; };
		A751F9C91CBD01E00022081F /* UIScrollView+MJExtension.m in Sources */ = {isa = PBXBuildFile; fileRef = A751F9BB1CBD01E00022081F /* UIScrollView+MJExtension.m */; };
		A751F9CA1CBD01E00022081F /* UIScrollView+MJRefresh.m in Sources */ = {isa = PBXBuildFile; fileRef = A751F9BD1CBD01E00022081F /* UIScrollView+MJRefresh.m */; };
		A751F9CB1CBD01E00022081F /* UIView+MJExtension.m in Sources */ = {isa = PBXBuildFile; fileRef = A751F9BF1CBD01E00022081F /* UIView+MJExtension.m */; };
/* End PBXBuildFile section */

/* Begin PBXContainerItemProxy section */
		A751F9871CBD006A0022081F /* PBXContainerItemProxy */ = {
			isa = PBXContainerItemProxy;
			containerPortal = A751F9651CBD006A0022081F /* Project object */;
			proxyType = 1;
			remoteGlobalIDString = A751F96C1CBD006A0022081F;
			remoteInfo = "ZXScroll&Table";
		};
		A751F9921CBD006A0022081F /* PBXContainerItemProxy */ = {
			isa = PBXContainerItemProxy;
			containerPortal = A751F9651CBD006A0022081F /* Project object */;
			proxyType = 1;
			remoteGlobalIDString = A751F96C1CBD006A0022081F;
			remoteInfo = "ZXScroll&Table";
		};
/* End PBXContainerItemProxy section */

/* Begin PBXFileReference section */
		A751F96D1CBD006A0022081F /* ZXScroll&Table.app */ = {isa = PBXFileReference; explicitFileType = wrapper.application; includeInIndex = 0; path = "ZXScroll&Table.app"; sourceTree = BUILT_PRODUCTS_DIR; };
		A751F9711CBD006A0022081F /* main.m */ = {isa = PBXFileReference; lastKnownFileType = sourcecode.c.objc; path = main.m; sourceTree = "<group>"; };
		A751F9731CBD006A0022081F /* AppDelegate.h */ = {isa = PBXFileReference; lastKnownFileType = sourcecode.c.h; path = AppDelegate.h; sourceTree = "<group>"; };
		A751F9741CBD006A0022081F /* AppDelegate.m */ = {isa = PBXFileReference; lastKnownFileType = sourcecode.c.objc; path = AppDelegate.m; sourceTree = "<group>"; };
		A751F9761CBD006A0022081F /* ViewController.h */ = {isa = PBXFileReference; lastKnownFileType = sourcecode.c.h; path = ViewController.h; sourceTree = "<group>"; };
		A751F9771CBD006A0022081F /* ViewController.m */ = {isa = PBXFileReference; lastKnownFileType = sourcecode.c.objc; path = ViewController.m; sourceTree = "<group>"; };
		A751F97A1CBD006A0022081F /* Base */ = {isa = PBXFileReference; lastKnownFileType = file.storyboard; name = Base; path = Base.lproj/Main.storyboard; sourceTree = "<group>"; };
		A751F97C1CBD006A0022081F /* Assets.xcassets */ = {isa = PBXFileReference; lastKnownFileType = folder.assetcatalog; path = Assets.xcassets; sourceTree = "<group>"; };
		A751F97F1CBD006A0022081F /* Base */ = {isa = PBXFileReference; lastKnownFileType = file.storyboard; name = Base; path = Base.lproj/LaunchScreen.storyboard; sourceTree = "<group>"; };
		A751F9811CBD006A0022081F /* Info.plist */ = {isa = PBXFileReference; lastKnownFileType = text.plist.xml; path = Info.plist; sourceTree = "<group>"; };
		A751F9861CBD006A0022081F /* ZXScroll&TableTests.xctest */ = {isa = PBXFileReference; explicitFileType = wrapper.cfbundle; includeInIndex = 0; path = "ZXScroll&TableTests.xctest"; sourceTree = BUILT_PRODUCTS_DIR; };
		A751F98A1CBD006A0022081F /* ZXScroll_TableTests.m */ = {isa = PBXFileReference; lastKnownFileType = sourcecode.c.objc; path = ZXScroll_TableTests.m; sourceTree = "<group>"; };
		A751F98C1CBD006A0022081F /* Info.plist */ = {isa = PBXFileReference; lastKnownFileType = text.plist.xml; path = Info.plist; sourceTree = "<group>"; };
		A751F9911CBD006A0022081F /* ZXScroll&TableUITests.xctest */ = {isa = PBXFileReference; explicitFileType = wrapper.cfbundle; includeInIndex = 0; path = "ZXScroll&TableUITests.xctest"; sourceTree = BUILT_PRODUCTS_DIR; };
		A751F9951CBD006A0022081F /* ZXScroll_TableUITests.m */ = {isa = PBXFileReference; lastKnownFileType = sourcecode.c.objc; path = ZXScroll_TableUITests.m; sourceTree = "<group>"; };
		A751F9971CBD006A0022081F /* Info.plist */ = {isa = PBXFileReference; lastKnownFileType = text.plist.xml; path = Info.plist; sourceTree = "<group>"; };
		A751F9A41CBD00F70022081F /* ZXScrollTableView.h */ = {isa = PBXFileReference; fileEncoding = 4; lastKnownFileType = sourcecode.c.h; path = ZXScrollTableView.h; sourceTree = "<group>"; };
		A751F9A51CBD00F70022081F /* ZXScrollTableView.m */ = {isa = PBXFileReference; fileEncoding = 4; lastKnownFileType = sourcecode.c.objc; path = ZXScrollTableView.m; sourceTree = "<group>"; };
		A751F9A81CBD01E00022081F /* MJRefresh.bundle */ = {isa = PBXFileReference; lastKnownFileType = "wrapper.plug-in"; path = MJRefresh.bundle; sourceTree = "<group>"; };
		A751F9A91CBD01E00022081F /* MJRefresh.h */ = {isa = PBXFileReference; fileEncoding = 4; lastKnownFileType = sourcecode.c.h; path = MJRefresh.h; sourceTree = "<group>"; };
		A751F9AA1CBD01E00022081F /* MJRefreshComponent.h */ = {isa = PBXFileReference; fileEncoding = 4; lastKnownFileType = sourcecode.c.h; path = MJRefreshComponent.h; sourceTree = "<group>"; };
		A751F9AB1CBD01E00022081F /* MJRefreshComponent.m */ = {isa = PBXFileReference; fileEncoding = 4; lastKnownFileType = sourcecode.c.objc; path = MJRefreshComponent.m; sourceTree = "<group>"; };
		A751F9AC1CBD01E00022081F /* MJRefreshConst.h */ = {isa = PBXFileReference; fileEncoding = 4; lastKnownFileType = sourcecode.c.h; path = MJRefreshConst.h; sourceTree = "<group>"; };
		A751F9AD1CBD01E00022081F /* MJRefreshConst.m */ = {isa = PBXFileReference; fileEncoding = 4; lastKnownFileType = sourcecode.c.objc; path = MJRefreshConst.m; sourceTree = "<group>"; };
		A751F9AE1CBD01E00022081F /* MJRefreshFooter.h */ = {isa = PBXFileReference; fileEncoding = 4; lastKnownFileType = sourcecode.c.h; path = MJRefreshFooter.h; sourceTree = "<group>"; };
		A751F9AF1CBD01E00022081F /* MJRefreshFooter.m */ = {isa = PBXFileReference; fileEncoding = 4; lastKnownFileType = sourcecode.c.objc; path = MJRefreshFooter.m; sourceTree = "<group>"; };
		A751F9B01CBD01E00022081F /* MJRefreshGifFooter.h */ = {isa = PBXFileReference; fileEncoding = 4; lastKnownFileType = sourcecode.c.h; path = MJRefreshGifFooter.h; sourceTree = "<group>"; };
		A751F9B11CBD01E00022081F /* MJRefreshGifFooter.m */ = {isa = PBXFileReference; fileEncoding = 4; lastKnownFileType = sourcecode.c.objc; path = MJRefreshGifFooter.m; sourceTree = "<group>"; };
		A751F9B21CBD01E00022081F /* MJRefreshGifHeader.h */ = {isa = PBXFileReference; fileEncoding = 4; lastKnownFileType = sourcecode.c.h; path = MJRefreshGifHeader.h; sourceTree = "<group>"; };
		A751F9B31CBD01E00022081F /* MJRefreshGifHeader.m */ = {isa = PBXFileReference; fileEncoding = 4; lastKnownFileType = sourcecode.c.objc; path = MJRefreshGifHeader.m; sourceTree = "<group>"; };
		A751F9B41CBD01E00022081F /* MJRefreshHeader.h */ = {isa = PBXFileReference; fileEncoding = 4; lastKnownFileType = sourcecode.c.h; path = MJRefreshHeader.h; sourceTree = "<group>"; };
		A751F9B51CBD01E00022081F /* MJRefreshHeader.m */ = {isa = PBXFileReference; fileEncoding = 4; lastKnownFileType = sourcecode.c.objc; path = MJRefreshHeader.m; sourceTree = "<group>"; };
		A751F9B61CBD01E00022081F /* MJRefreshLegendFooter.h */ = {isa = PBXFileReference; fileEncoding = 4; lastKnownFileType = sourcecode.c.h; path = MJRefreshLegendFooter.h; sourceTree = "<group>"; };
		A751F9B71CBD01E00022081F /* MJRefreshLegendFooter.m */ = {isa = PBXFileReference; fileEncoding = 4; lastKnownFileType = sourcecode.c.objc; path = MJRefreshLegendFooter.m; sourceTree = "<group>"; };
		A751F9B81CBD01E00022081F /* MJRefreshLegendHeader.h */ = {isa = PBXFileReference; fileEncoding = 4; lastKnownFileType = sourcecode.c.h; path = MJRefreshLegendHeader.h; sourceTree = "<group>"; };
		A751F9B91CBD01E00022081F /* MJRefreshLegendHeader.m */ = {isa = PBXFileReference; fileEncoding = 4; lastKnownFileType = sourcecode.c.objc; path = MJRefreshLegendHeader.m; sourceTree = "<group>"; };
		A751F9BA1CBD01E00022081F /* UIScrollView+MJExtension.h */ = {isa = PBXFileReference; fileEncoding = 4; lastKnownFileType = sourcecode.c.h; path = "UIScrollView+MJExtension.h"; sourceTree = "<group>"; };
		A751F9BB1CBD01E00022081F /* UIScrollView+MJExtension.m */ = {isa = PBXFileReference; fileEncoding = 4; lastKnownFileType = sourcecode.c.objc; path = "UIScrollView+MJExtension.m"; sourceTree = "<group>"; };
		A751F9BC1CBD01E00022081F /* UIScrollView+MJRefresh.h */ = {isa = PBXFileReference; fileEncoding = 4; lastKnownFileType = sourcecode.c.h; path = "UIScrollView+MJRefresh.h"; sourceTree = "<group>"; };
		A751F9BD1CBD01E00022081F /* UIScrollView+MJRefresh.m */ = {isa = PBXFileReference; fileEncoding = 4; lastKnownFileType = sourcecode.c.objc; path = "UIScrollView+MJRefresh.m"; sourceTree = "<group>"; };
		A751F9BE1CBD01E00022081F /* UIView+MJExtension.h */ = {isa = PBXFileReference; fileEncoding = 4; lastKnownFileType = sourcecode.c.h; path = "UIView+MJExtension.h"; sourceTree = "<group>"; };
		A751F9BF1CBD01E00022081F /* UIView+MJExtension.m */ = {isa = PBXFileReference; fileEncoding = 4; lastKnownFileType = sourcecode.c.objc; path = "UIView+MJExtension.m"; sourceTree = "<group>"; };
/* End PBXFileReference section */

/* Begin PBXFrameworksBuildPhase section */
		A751F96A1CBD006A0022081F /* Frameworks */ = {
			isa = PBXFrameworksBuildPhase;
			buildActionMask = 2147483647;
			files = (
			);
			runOnlyForDeploymentPostprocessing = 0;
		};
		A751F9831CBD006A0022081F /* Frameworks */ = {
			isa = PBXFrameworksBuildPhase;
			buildActionMask = 2147483647;
			files = (
			);
			runOnlyForDeploymentPostprocessing = 0;
		};
		A751F98E1CBD006A0022081F /* Frameworks */ = {
			isa = PBXFrameworksBuildPhase;
			buildActionMask = 2147483647;
			files = (
			);
			runOnlyForDeploymentPostprocessing = 0;
		};
/* End PBXFrameworksBuildPhase section */

/* Begin PBXGroup section */
		A751F9641CBD006A0022081F = {
			isa = PBXGroup;
			children = (
				A751F96F1CBD006A0022081F /* ZXScroll&Table */,
				A751F9891CBD006A0022081F /* ZXScroll&TableTests */,
				A751F9941CBD006A0022081F /* ZXScroll&TableUITests */,
				A751F96E1CBD006A0022081F /* Products */,
			);
			sourceTree = "<group>";
		};
		A751F96E1CBD006A0022081F /* Products */ = {
			isa = PBXGroup;
			children = (
				A751F96D1CBD006A0022081F /* ZXScroll&Table.app */,
				A751F9861CBD006A0022081F /* ZXScroll&TableTests.xctest */,
				A751F9911CBD006A0022081F /* ZXScroll&TableUITests.xctest */,
			);
			name = Products;
			sourceTree = "<group>";
		};
		A751F96F1CBD006A0022081F /* ZXScroll&Table */ = {
			isa = PBXGroup;
			children = (
				A751F9A71CBD01E00022081F /* MJRefresh */,
				A751F9A31CBD00EF0022081F /* ZXScrollTableView */,
				A751F9731CBD006A0022081F /* AppDelegate.h */,
				A751F9741CBD006A0022081F /* AppDelegate.m */,
				A751F9761CBD006A0022081F /* ViewController.h */,
				A751F9771CBD006A0022081F /* ViewController.m */,
				A751F9791CBD006A0022081F /* Main.storyboard */,
				A751F97C1CBD006A0022081F /* Assets.xcassets */,
				A751F97E1CBD006A0022081F /* LaunchScreen.storyboard */,
				A751F9811CBD006A0022081F /* Info.plist */,
				A751F9701CBD006A0022081F /* Supporting Files */,
			);
			path = "ZXScroll&Table";
			sourceTree = "<group>";
		};
		A751F9701CBD006A0022081F /* Supporting Files */ = {
			isa = PBXGroup;
			children = (
				A751F9711CBD006A0022081F /* main.m */,
			);
			name = "Supporting Files";
			sourceTree = "<group>";
		};
		A751F9891CBD006A0022081F /* ZXScroll&TableTests */ = {
			isa = PBXGroup;
			children = (
				A751F98A1CBD006A0022081F /* ZXScroll_TableTests.m */,
				A751F98C1CBD006A0022081F /* Info.plist */,
			);
			path = "ZXScroll&TableTests";
			sourceTree = "<group>";
		};
		A751F9941CBD006A0022081F /* ZXScroll&TableUITests */ = {
			isa = PBXGroup;
			children = (
				A751F9951CBD006A0022081F /* ZXScroll_TableUITests.m */,
				A751F9971CBD006A0022081F /* Info.plist */,
			);
			path = "ZXScroll&TableUITests";
			sourceTree = "<group>";
		};
		A751F9A31CBD00EF0022081F /* ZXScrollTableView */ = {
			isa = PBXGroup;
			children = (
				A751F9A41CBD00F70022081F /* ZXScrollTableView.h */,
				A751F9A51CBD00F70022081F /* ZXScrollTableView.m */,
			);
			path = ZXScrollTableView;
			sourceTree = "<group>";
		};
		A751F9A71CBD01E00022081F /* MJRefresh */ = {
			isa = PBXGroup;
			children = (
				A751F9A81CBD01E00022081F /* MJRefresh.bundle */,
				A751F9A91CBD01E00022081F /* MJRefresh.h */,
				A751F9AA1CBD01E00022081F /* MJRefreshComponent.h */,
				A751F9AB1CBD01E00022081F /* MJRefreshComponent.m */,
				A751F9AC1CBD01E00022081F /* MJRefreshConst.h */,
				A751F9AD1CBD01E00022081F /* MJRefreshConst.m */,
				A751F9AE1CBD01E00022081F /* MJRefreshFooter.h */,
				A751F9AF1CBD01E00022081F /* MJRefreshFooter.m */,
				A751F9B01CBD01E00022081F /* MJRefreshGifFooter.h */,
				A751F9B11CBD01E00022081F /* MJRefreshGifFooter.m */,
				A751F9B21CBD01E00022081F /* MJRefreshGifHeader.h */,
				A751F9B31CBD01E00022081F /* MJRefreshGifHeader.m */,
				A751F9B41CBD01E00022081F /* MJRefreshHeader.h */,
				A751F9B51CBD01E00022081F /* MJRefreshHeader.m */,
				A751F9B61CBD01E00022081F /* MJRefreshLegendFooter.h */,
				A751F9B71CBD01E00022081F /* MJRefreshLegendFooter.m */,
				A751F9B81CBD01E00022081F /* MJRefreshLegendHeader.h */,
				A751F9B91CBD01E00022081F /* MJRefreshLegendHeader.m */,
				A751F9BA1CBD01E00022081F /* UIScrollView+MJExtension.h */,
				A751F9BB1CBD01E00022081F /* UIScrollView+MJExtension.m */,
				A751F9BC1CBD01E00022081F /* UIScrollView+MJRefresh.h */,
				A751F9BD1CBD01E00022081F /* UIScrollView+MJRefresh.m */,
				A751F9BE1CBD01E00022081F /* UIView+MJExtension.h */,
				A751F9BF1CBD01E00022081F /* UIView+MJExtension.m */,
			);
			path = MJRefresh;
			sourceTree = "<group>";
		};
/* End PBXGroup section */

/* Begin PBXNativeTarget section */
		A751F96C1CBD006A0022081F /* ZXScroll&Table */ = {
			isa = PBXNativeTarget;
			buildConfigurationList = A751F99A1CBD006A0022081F /* Build configuration list for PBXNativeTarget "ZXScroll&Table" */;
			buildPhases = (
				A751F9691CBD006A0022081F /* Sources */,
				A751F96A1CBD006A0022081F /* Frameworks */,
				A751F96B1CBD006A0022081F /* Resources */,
			);
			buildRules = (
			);
			dependencies = (
			);
			name = "ZXScroll&Table";
			productName = "ZXScroll&Table";
			productReference = A751F96D1CBD006A0022081F /* ZXScroll&Table.app */;
			productType = "com.apple.product-type.application";
		};
		A751F9851CBD006A0022081F /* ZXScroll&TableTests */ = {
			isa = PBXNativeTarget;
			buildConfigurationList = A751F99D1CBD006A0022081F /* Build configuration list for PBXNativeTarget "ZXScroll&TableTests" */;
			buildPhases = (
				A751F9821CBD006A0022081F /* Sources */,
				A751F9831CBD006A0022081F /* Frameworks */,
				A751F9841CBD006A0022081F /* Resources */,
			);
			buildRules = (
			);
			dependencies = (
				A751F9881CBD006A0022081F /* PBXTargetDependency */,
			);
			name = "ZXScroll&TableTests";
			productName = "ZXScroll&TableTests";
			productReference = A751F9861CBD006A0022081F /* ZXScroll&TableTests.xctest */;
			productType = "com.apple.product-type.bundle.unit-test";
		};
		A751F9901CBD006A0022081F /* ZXScroll&TableUITests */ = {
			isa = PBXNativeTarget;
			buildConfigurationList = A751F9A01CBD006A0022081F /* Build configuration list for PBXNativeTarget "ZXScroll&TableUITests" */;
			buildPhases = (
				A751F98D1CBD006A0022081F /* Sources */,
				A751F98E1CBD006A0022081F /* Frameworks */,
				A751F98F1CBD006A0022081F /* Resources */,
			);
			buildRules = (
			);
			dependencies = (
				A751F9931CBD006A0022081F /* PBXTargetDependency */,
			);
			name = "ZXScroll&TableUITests";
			productName = "ZXScroll&TableUITests";
			productReference = A751F9911CBD006A0022081F /* ZXScroll&TableUITests.xctest */;
			productType = "com.apple.product-type.bundle.ui-testing";
		};
/* End PBXNativeTarget section */

/* Begin PBXProject section */
		A751F9651CBD006A0022081F /* Project object */ = {
			isa = PBXProject;
			attributes = {
				LastUpgradeCheck = 0730;
				ORGANIZATIONNAME = ZX;
				TargetAttributes = {
					A751F96C1CBD006A0022081F = {
						CreatedOnToolsVersion = 7.3;
					};
					A751F9851CBD006A0022081F = {
						CreatedOnToolsVersion = 7.3;
						TestTargetID = A751F96C1CBD006A0022081F;
					};
					A751F9901CBD006A0022081F = {
						CreatedOnToolsVersion = 7.3;
						TestTargetID = A751F96C1CBD006A0022081F;
					};
				};
			};
			buildConfigurationList = A751F9681CBD006A0022081F /* Build configuration list for PBXProject "ZXScroll&Table" */;
			compatibilityVersion = "Xcode 3.2";
			developmentRegion = English;
			hasScannedForEncodings = 0;
			knownRegions = (
				en,
				Base,
			);
			mainGroup = A751F9641CBD006A0022081F;
			productRefGroup = A751F96E1CBD006A0022081F /* Products */;
			projectDirPath = "";
			projectRoot = "";
			targets = (
				A751F96C1CBD006A0022081F /* ZXScroll&Table */,
				A751F9851CBD006A0022081F /* ZXScroll&TableTests */,
				A751F9901CBD006A0022081F /* ZXScroll&TableUITests */,
			);
		};
/* End PBXProject section */

/* Begin PBXResourcesBuildPhase section */
		A751F96B1CBD006A0022081F /* Resources */ = {
			isa = PBXResourcesBuildPhase;
			buildActionMask = 2147483647;
			files = (
				A751F9801CBD006A0022081F /* LaunchScreen.storyboard in Resources */,
				A751F97D1CBD006A0022081F /* Assets.xcassets in Resources */,
				A751F9C01CBD01E00022081F /* MJRefresh.bundle in Resources */,
				A751F97B1CBD006A0022081F /* Main.storyboard in Resources */,
			);
			runOnlyForDeploymentPostprocessing = 0;
		};
		A751F9841CBD006A0022081F /* Resources */ = {
			isa = PBXResourcesBuildPhase;
			buildActionMask = 2147483647;
			files = (
			);
			runOnlyForDeploymentPostprocessing = 0;
		};
		A751F98F1CBD006A0022081F /* Resources */ = {
			isa = PBXResourcesBuildPhase;
			buildActionMask = 2147483647;
			files = (
			);
			runOnlyForDeploymentPostprocessing = 0;
		};
/* End PBXResourcesBuildPhase section */

/* Begin PBXSourcesBuildPhase section */
		A751F9691CBD006A0022081F /* Sources */ = {
			isa = PBXSourcesBuildPhase;
			buildActionMask = 2147483647;
			files = (
				A751F9C71CBD01E00022081F /* MJRefreshLegendFooter.m in Sources */,
				A751F9CB1CBD01E00022081F /* UIView+MJExtension.m in Sources */,
				A751F9C91CBD01E00022081F /* UIScrollView+MJExtension.m in Sources */,
				A751F9781CBD006A0022081F /* ViewController.m in Sources */,
				A751F9751CBD006A0022081F /* AppDelegate.m in Sources */,
				A751F9CA1CBD01E00022081F /* UIScrollView+MJRefresh.m in Sources */,
				A751F9C41CBD01E00022081F /* MJRefreshGifFooter.m in Sources */,
				A751F9C81CBD01E00022081F /* MJRefreshLegendHeader.m in Sources */,
				A751F9C21CBD01E00022081F /* MJRefreshConst.m in Sources */,
				A751F9C11CBD01E00022081F /* MJRefreshComponent.m in Sources */,
				A751F9C61CBD01E00022081F /* MJRefreshHeader.m in Sources */,
				A751F9A61CBD00F70022081F /* ZXScrollTableView.m in Sources */,
				A751F9C51CBD01E00022081F /* MJRefreshGifHeader.m in Sources */,
				A751F9721CBD006A0022081F /* main.m in Sources */,
				A751F9C31CBD01E00022081F /* MJRefreshFooter.m in Sources */,
			);
			runOnlyForDeploymentPostprocessing = 0;
		};
		A751F9821CBD006A0022081F /* Sources */ = {
			isa = PBXSourcesBuildPhase;
			buildActionMask = 2147483647;
			files = (
				A751F98B1CBD006A0022081F /* ZXScroll_TableTests.m in Sources */,
			);
			runOnlyForDeploymentPostprocessing = 0;
		};
		A751F98D1CBD006A0022081F /* Sources */ = {
			isa = PBXSourcesBuildPhase;
			buildActionMask = 2147483647;
			files = (
				A751F9961CBD006A0022081F /* ZXScroll_TableUITests.m in Sources */,
			);
			runOnlyForDeploymentPostprocessing = 0;
		};
/* End PBXSourcesBuildPhase section */

/* Begin PBXTargetDependency section */
		A751F9881CBD006A0022081F /* PBXTargetDependency */ = {
			isa = PBXTargetDependency;
			target = A751F96C1CBD006A0022081F /* ZXScroll&Table */;
			targetProxy = A751F9871CBD006A0022081F /* PBXContainerItemProxy */;
		};
		A751F9931CBD006A0022081F /* PBXTargetDependency */ = {
			isa = PBXTargetDependency;
			target = A751F96C1CBD006A0022081F /* ZXScroll&Table */;
			targetProxy = A751F9921CBD006A0022081F /* PBXContainerItemProxy */;
		};
/* End PBXTargetDependency section */

/* Begin PBXVariantGroup section */
		A751F9791CBD006A0022081F /* Main.storyboard */ = {
			isa = PBXVariantGroup;
			children = (
				A751F97A1CBD006A0022081F /* Base */,
			);
			name = Main.storyboard;
			sourceTree = "<group>";
		};
		A751F97E1CBD006A0022081F /* LaunchScreen.storyboard */ = {
			isa = PBXVariantGroup;
			children = (
				A751F97F1CBD006A0022081F /* Base */,
			);
			name = LaunchScreen.storyboard;
			sourceTree = "<group>";
		};
/* End PBXVariantGroup section */

/* Begin XCBuildConfiguration section */
		A751F9981CBD006A0022081F /* Debug */ = {
			isa = XCBuildConfiguration;
			buildSettings = {
				ALWAYS_SEARCH_USER_PATHS = NO;
				CLANG_ANALYZER_NONNULL = YES;
				CLANG_CXX_LANGUAGE_STANDARD = "gnu++0x";
				CLANG_CXX_LIBRARY = "libc++";
				CLANG_ENABLE_MODULES = YES;
				CLANG_ENABLE_OBJC_ARC = YES;
				CLANG_WARN_BOOL_CONVERSION = YES;
				CLANG_WARN_CONSTANT_CONVERSION = YES;
				CLANG_WARN_DIRECT_OBJC_ISA_USAGE = YES_ERROR;
				CLANG_WARN_EMPTY_BODY = YES;
				CLANG_WARN_ENUM_CONVERSION = YES;
				CLANG_WARN_INT_CONVERSION = YES;
				CLANG_WARN_OBJC_ROOT_CLASS = YES_ERROR;
				CLANG_WARN_UNREACHABLE_CODE = YES;
				CLANG_WARN__DUPLICATE_METHOD_MATCH = YES;
				"CODE_SIGN_IDENTITY[sdk=iphoneos*]" = "iPhone Developer";
				COPY_PHASE_STRIP = NO;
				DEBUG_INFORMATION_FORMAT = dwarf;
				ENABLE_STRICT_OBJC_MSGSEND = YES;
				ENABLE_TESTABILITY = YES;
				GCC_C_LANGUAGE_STANDARD = gnu99;
				GCC_DYNAMIC_NO_PIC = NO;
				GCC_NO_COMMON_BLOCKS = YES;
				GCC_OPTIMIZATION_LEVEL = 0;
				GCC_PREPROCESSOR_DEFINITIONS = (
					"DEBUG=1",
					"$(inherited)",
				);
				GCC_WARN_64_TO_32_BIT_CONVERSION = YES;
				GCC_WARN_ABOUT_RETURN_TYPE = YES_ERROR;
				GCC_WARN_UNDECLARED_SELECTOR = YES;
				GCC_WARN_UNINITIALIZED_AUTOS = YES_AGGRESSIVE;
				GCC_WARN_UNUSED_FUNCTION = YES;
				GCC_WARN_UNUSED_VARIABLE = YES;
				IPHONEOS_DEPLOYMENT_TARGET = 9.3;
				MTL_ENABLE_DEBUG_INFO = YES;
				ONLY_ACTIVE_ARCH = YES;
				SDKROOT = iphoneos;
				TARGETED_DEVICE_FAMILY = "1,2";
			};
			name = Debug;
		};
		A751F9991CBD006A0022081F /* Release */ = {
			isa = XCBuildConfiguration;
			buildSettings = {
				ALWAYS_SEARCH_USER_PATHS = NO;
				CLANG_ANALYZER_NONNULL = YES;
				CLANG_CXX_LANGUAGE_STANDARD = "gnu++0x";
				CLANG_CXX_LIBRARY = "libc++";
				CLANG_ENABLE_MODULES = YES;
				CLANG_ENABLE_OBJC_ARC = YES;
				CLANG_WARN_BOOL_CONVERSION = YES;
				CLANG_WARN_CONSTANT_CONVERSION = YES;
				CLANG_WARN_DIRECT_OBJC_ISA_USAGE = YES_ERROR;
				CLANG_WARN_EMPTY_BODY = YES;
				CLANG_WARN_ENUM_CONVERSION = YES;
				CLANG_WARN_INT_CONVERSION = YES;
				CLANG_WARN_OBJC_ROOT_CLASS = YES_ERROR;
				CLANG_WARN_UNREACHABLE_CODE = YES;
				CLANG_WARN__DUPLICATE_METHOD_MATCH = YES;
				"CODE_SIGN_IDENTITY[sdk=iphoneos*]" = "iPhone Developer";
				COPY_PHASE_STRIP = NO;
				DEBUG_INFORMATION_FORMAT = "dwarf-with-dsym";
				ENABLE_NS_ASSERTIONS = NO;
				ENABLE_STRICT_OBJC_MSGSEND = YES;
				GCC_C_LANGUAGE_STANDARD = gnu99;
				GCC_NO_COMMON_BLOCKS = YES;
				GCC_WARN_64_TO_32_BIT_CONVERSION = YES;
				GCC_WARN_ABOUT_RETURN_TYPE = YES_ERROR;
				GCC_WARN_UNDECLARED_SELECTOR = YES;
				GCC_WARN_UNINITIALIZED_AUTOS = YES_AGGRESSIVE;
				GCC_WARN_UNUSED_FUNCTION = YES;
				GCC_WARN_UNUSED_VARIABLE = YES;
				IPHONEOS_DEPLOYMENT_TARGET = 9.3;
				MTL_ENABLE_DEBUG_INFO = NO;
				SDKROOT = iphoneos;
				TARGETED_DEVICE_FAMILY = "1,2";
				VALIDATE_PRODUCT = YES;
			};
			name = Release;
		};
		A751F99B1CBD006A0022081F /* Debug */ = {
			isa = XCBuildConfiguration;
			buildSettings = {
				ASSETCATALOG_COMPILER_APPICON_NAME = AppIcon;
				INFOPLIST_FILE = "ZXScroll&Table/Info.plist";
				LD_RUNPATH_SEARCH_PATHS = "$(inherited) @executable_path/Frameworks";
				PRODUCT_BUNDLE_IDENTIFIER = "ZX.ZXScroll-Table";
				PRODUCT_NAME = "$(TARGET_NAME)";
			};
			name = Debug;
		};
		A751F99C1CBD006A0022081F /* Release */ = {
			isa = XCBuildConfiguration;
			buildSettings = {
				ASSETCATALOG_COMPILER_APPICON_NAME = AppIcon;
				INFOPLIST_FILE = "ZXScroll&Table/Info.plist";
				LD_RUNPATH_SEARCH_PATHS = "$(inherited) @executable_path/Frameworks";
				PRODUCT_BUNDLE_IDENTIFIER = "ZX.ZXScroll-Table";
				PRODUCT_NAME = "$(TARGET_NAME)";
			};
			name = Release;
		};
		A751F99E1CBD006A0022081F /* Debug */ = {
			isa = XCBuildConfiguration;
			buildSettings = {
				BUNDLE_LOADER = "$(TEST_HOST)";
				INFOPLIST_FILE = "ZXScroll&TableTests/Info.plist";
				LD_RUNPATH_SEARCH_PATHS = "$(inherited) @executable_path/Frameworks @loader_path/Frameworks";
				PRODUCT_BUNDLE_IDENTIFIER = "ZX.ZXScroll-TableTests";
				PRODUCT_NAME = "$(TARGET_NAME)";
				TEST_HOST = "$(BUILT_PRODUCTS_DIR)/ZXScroll&Table.app/ZXScroll&Table";
			};
			name = Debug;
		};
		A751F99F1CBD006A0022081F /* Release */ = {
			isa = XCBuildConfiguration;
			buildSettings = {
				BUNDLE_LOADER = "$(TEST_HOST)";
				INFOPLIST_FILE = "ZXScroll&TableTests/Info.plist";
				LD_RUNPATH_SEARCH_PATHS = "$(inherited) @executable_path/Frameworks @loader_path/Frameworks";
				PRODUCT_BUNDLE_IDENTIFIER = "ZX.ZXScroll-TableTests";
				PRODUCT_NAME = "$(TARGET_NAME)";
				TEST_HOST = "$(BUILT_PRODUCTS_DIR)/ZXScroll&Table.app/ZXScroll&Table";
			};
			name = Release;
		};
		A751F9A11CBD006A0022081F /* Debug */ = {
			isa = XCBuildConfiguration;
			buildSettings = {
				INFOPLIST_FILE = "ZXScroll&TableUITests/Info.plist";
				LD_RUNPATH_SEARCH_PATHS = "$(inherited) @executable_path/Frameworks @loader_path/Frameworks";
				PRODUCT_BUNDLE_IDENTIFIER = "ZX.ZXScroll-TableUITests";
				PRODUCT_NAME = "$(TARGET_NAME)";
				TEST_TARGET_NAME = "ZXScroll&Table";
			};
			name = Debug;
		};
		A751F9A21CBD006A0022081F /* Release */ = {
			isa = XCBuildConfiguration;
			buildSettings = {
				INFOPLIST_FILE = "ZXScroll&TableUITests/Info.plist";
				LD_RUNPATH_SEARCH_PATHS = "$(inherited) @executable_path/Frameworks @loader_path/Frameworks";
				PRODUCT_BUNDLE_IDENTIFIER = "ZX.ZXScroll-TableUITests";
				PRODUCT_NAME = "$(TARGET_NAME)";
				TEST_TARGET_NAME = "ZXScroll&Table";
			};
			name = Release;
		};
/* End XCBuildConfiguration section */

/* Begin XCConfigurationList section */
		A751F9681CBD006A0022081F /* Build configuration list for PBXProject "ZXScroll&Table" */ = {
			isa = XCConfigurationList;
			buildConfigurations = (
				A751F9981CBD006A0022081F /* Debug */,
				A751F9991CBD006A0022081F /* Release */,
			);
			defaultConfigurationIsVisible = 0;
			defaultConfigurationName = Release;
		};
		A751F99A1CBD006A0022081F /* Build configuration list for PBXNativeTarget "ZXScroll&Table" */ = {
			isa = XCConfigurationList;
			buildConfigurations = (
				A751F99B1CBD006A0022081F /* Debug */,
				A751F99C1CBD006A0022081F /* Release */,
			);
			defaultConfigurationIsVisible = 0;
		};
		A751F99D1CBD006A0022081F /* Build configuration list for PBXNativeTarget "ZXScroll&TableTests" */ = {
			isa = XCConfigurationList;
			buildConfigurations = (
				A751F99E1CBD006A0022081F /* Debug */,
				A751F99F1CBD006A0022081F /* Release */,
			);
			defaultConfigurationIsVisible = 0;
		};
		A751F9A01CBD006A0022081F /* Build configuration list for PBXNativeTarget "ZXScroll&TableUITests" */ = {
			isa = XCConfigurationList;
			buildConfigurations = (
				A751F9A11CBD006A0022081F /* Debug */,
				A751F9A21CBD006A0022081F /* Release */,
			);
			defaultConfigurationIsVisible = 0;
		};
/* End XCConfigurationList section */
	};
	rootObject = A751F9651CBD006A0022081F /* Project object */;
}
